
Microsoft Visual Studio Solution File, Format Version 12.00
# Visual Studio 15
VisualStudioVersion = 15.0.28307.271
MinimumVisualStudioVersion = 10.0.40219.1
Project("{9A19103F-16F7-4668-BE54-9A1E7A4F7556}") = "DictionaryMini", "DictionaryMini\DictionaryMini.csproj", "{6EA44F47-93A8-431B-8C9E-2D9356E01602}"
EndProject
Project("{FAE04EC0-301F-11D3-BF4B-00C04F79EFBC}") = "Example", "Example\Example.csproj", "{9E7B4963-4409-4032-BFC5-BC76EC2D749D}"
EndProject
Global
	GlobalSection(SolutionConfigurationPlatforms) = preSolution
		Debug|Any CPU = Debug|Any CPU
		Release|Any CPU = Release|Any CPU
	EndGlobalSection
	GlobalSection(ProjectConfigurationPlatforms) = postSolution
		{6EA44F47-93A8-431B-8C9E-2D9356E01602}.Debug|Any CPU.ActiveCfg = Debug|Any CPU
		{6EA44F47-93A8-431B-8C9E-2D9356E01602}.Debug|Any CPU.Build.0 = Debug|Any CPU
		{6EA44F47-93A8-431B-8C9E-2D9356E01602}.Release|Any CPU.ActiveCfg = Release|Any CPU
		{6EA44F47-93A8-431B-8C9E-2D9356E01602}.Release|Any CPU.Build.0 = Release|Any CPU
		{9E7B4963-4409-4032-BFC5-BC76EC2D749D}.Debug|Any CPU.ActiveCfg = Debug|Any CPU
		{9E7B4963-4409-4032-BFC5-BC76EC2D749D}.Debug|Any CPU.Build.0 = Debug|Any CPU
		{9E7B4963-4409-4032-BFC5-BC76EC2D749D}.Release|Any CPU.ActiveCfg = Release|Any CPU
		{9E7B4963-4409-4032-BFC5-BC76EC2D749D}.Release|Any CPU.Build.0 = Release|Any CPU
	EndGlobalSection
	GlobalSection(SolutionProperties) = preSolution
		HideSolutionNode = FALSE
	EndGlobalSection
	GlobalSection(ExtensibilityGlobals) = postSolution
		SolutionGuid = {B64D9DD4-DAF2-41BD-B0EA-DEF969A92F94}
	EndGlobalSection
EndGlobal
